{
  "name": "line",
  "version": "1.0.0",
  "lockfileVersion": 3,
  "requires": true,
  "packages": {
    "": {
      "name": "line",
      "version": "1.0.0",
      "dependencies": {
        "pebble-graph": "file:../.."
      }
    },
    "node_modules/pebble-graph": {
      "version": "1.0.0",
      "resolved": "file:../.."
    }
  }
}
